// !$*UTF8*$!
{
	archiveVersion = 1;
	classes = {
	};
	objectVersion = 46;
	objects = {

/* Begin PBXBuildFile section */
		71C55CC81A09F4BE00A4B359 /* LoginViewController.m in Sources */ = {isa = PBXBuildFile; fileRef = 71C55CC71A09F4BE00A4B359 /* LoginViewController.m */; };
		71C97BD81A08B5970010A5B8 /* AppDelegate.swift in Sources */ = {isa = PBXBuildFile; fileRef = 71C97BD71A08B5970010A5B8 /* AppDelegate.swift */; };
		71C97BDA1A08B5970010A5B8 /* ViewController.swift in Sources */ = {isa = PBXBuildFile; fileRef = 71C97BD91A08B5970010A5B8 /* ViewController.swift */; };
		71C97BDD1A08B5970010A5B8 /* Main.storyboard in Resources */ = {isa = PBXBuildFile; fileRef = 71C97BDB1A08B5970010A5B8 /* Main.storyboard */; };
		71C97BDF1A08B5970010A5B8 /* Images.xcassets in Resources */ = {isa = PBXBuildFile; fileRef = 71C97BDE1A08B5970010A5B8 /* Images.xcassets */; };
		71C97BE21A08B5970010A5B8 /* LaunchScreen.xib in Resources */ = {isa = PBXBuildFile; fileRef = 71C97BE01A08B5970010A5B8 /* LaunchScreen.xib */; };
		71C97BEE1A08B5970010A5B8 /* teenypalaceTests.swift in Sources */ = {isa = PBXBuildFile; fileRef = 71C97BED1A08B5970010A5B8 /* teenypalaceTests.swift */; };
		71CB85F51A10A4C000D855C8 /* HomeViewController.m in Sources */ = {isa = PBXBuildFile; fileRef = 71CB85F41A10A4C000D855C8 /* HomeViewController.m */; };
/* End PBXBuildFile section */

/* Begin PBXContainerItemProxy section */
		71C97BE81A08B5970010A5B8 /* PBXContainerItemProxy */ = {
			isa = PBXContainerItemProxy;
			containerPortal = 71C97BCA1A08B5970010A5B8 /* Project object */;
			proxyType = 1;
			remoteGlobalIDString = 71C97BD11A08B5970010A5B8;
			remoteInfo = teenypalace;
		};
/* End PBXContainerItemProxy section */

/* Begin PBXFileReference section */
		71C55CC51A09F4BD00A4B359 /* teenypalace-Bridging-Header.h */ = {isa = PBXFileReference; lastKnownFileType = sourcecode.c.h; path = "teenypalace-Bridging-Header.h"; sourceTree = "<group>"; };
		71C55CC61A09F4BE00A4B359 /* LoginViewController.h */ = {isa = PBXFileReference; fileEncoding = 4; lastKnownFileType = sourcecode.c.h; path = LoginViewController.h; sourceTree = "<group>"; };
		71C55CC71A09F4BE00A4B359 /* LoginViewController.m */ = {isa = PBXFileReference; fileEncoding = 4; lastKnownFileType = sourcecode.c.objc; path = LoginViewController.m; sourceTree = "<group>"; };
		71C97BD21A08B5970010A5B8 /* teenypalace.app */ = {isa = PBXFileReference; explicitFileType = wrapper.application; includeInIndex = 0; path = teenypalace.app; sourceTree = BUILT_PRODUCTS_DIR; };
		71C97BD61A08B5970010A5B8 /* Info.plist */ = {isa = PBXFileReference; lastKnownFileType = text.plist.xml; path = Info.plist; sourceTree = "<group>"; };
		71C97BD71A08B5970010A5B8 /* AppDelegate.swift */ = {isa = PBXFileReference; lastKnownFileType = sourcecode.swift; path = AppDelegate.swift; sourceTree = "<group>"; };
		71C97BD91A08B5970010A5B8 /* ViewController.swift */ = {isa = PBXFileReference; lastKnownFileType = sourcecode.swift; path = ViewController.swift; sourceTree = "<group>"; };
		71C97BDC1A08B5970010A5B8 /* Base */ = {isa = PBXFileReference; lastKnownFileType = file.storyboard; name = Base; path = Base.lproj/Main.storyboard; sourceTree = "<group>"; };
		71C97BDE1A08B5970010A5B8 /* Images.xcassets */ = {isa = PBXFileReference; lastKnownFileType = folder.assetcatalog; path = Images.xcassets; sourceTree = "<group>"; };
		71C97BE11A08B5970010A5B8 /* Base */ = {isa = PBXFileReference; lastKnownFileType = file.xib; name = Base; path = Base.lproj/LaunchScreen.xib; sourceTree = "<group>"; };
		71C97BE71A08B5970010A5B8 /* teenypalaceTests.xctest */ = {isa = PBXFileReference; explicitFileType = wrapper.cfbundle; includeInIndex = 0; path = teenypalaceTests.xctest; sourceTree = BUILT_PRODUCTS_DIR; };
		71C97BEC1A08B5970010A5B8 /* Info.plist */ = {isa = PBXFileReference; lastKnownFileType = text.plist.xml; path = Info.plist; sourceTree = "<group>"; };
		71C97BED1A08B5970010A5B8 /* teenypalaceTests.swift */ = {isa = PBXFileReference; lastKnownFileType = sourcecode.swift; path = teenypalaceTests.swift; sourceTree = "<group>"; };
		71CB85F31A10A4C000D855C8 /* HomeViewController.h */ = {isa = PBXFileReference; fileEncoding = 4; lastKnownFileType = sourcecode.c.h; path = HomeViewController.h; sourceTree = "<group>"; };
		71CB85F41A10A4C000D855C8 /* HomeViewController.m */ = {isa = PBXFileReference; fileEncoding = 4; lastKnownFileType = sourcecode.c.objc; path = HomeViewController.m; sourceTree = "<group>"; };
/* End PBXFileReference section */

/* Begin PBXFrameworksBuildPhase section */
		71C97BCF1A08B5970010A5B8 /* Frameworks */ = {
			isa = PBXFrameworksBuildPhase;
			buildActionMask = 2147483647;
			files = (
			);
			runOnlyForDeploymentPostprocessing = 0;
		};
		71C97BE41A08B5970010A5B8 /* Frameworks */ = {
			isa = PBXFrameworksBuildPhase;
			buildActionMask = 2147483647;
			files = (
			);
			runOnlyForDeploymentPostprocessing = 0;
		};
/* End PBXFrameworksBuildPhase section */

/* Begin PBXGroup section */
		71C55CC41A09DC3A00A4B359 /* Class */ = {
			isa = PBXGroup;
			children = (
				71C55CC61A09F4BE00A4B359 /* LoginViewController.h */,
				71C55CC71A09F4BE00A4B359 /* LoginViewController.m */,
				71C55CC51A09F4BD00A4B359 /* teenypalace-Bridging-Header.h */,
				71CB85F31A10A4C000D855C8 /* HomeViewController.h */,
				71CB85F41A10A4C000D855C8 /* HomeViewController.m */,
			);
			name = Class;
			sourceTree = "<group>";
		};
		71C97BC91A08B5970010A5B8 = {
			isa = PBXGroup;
			children = (
				71C97BD41A08B5970010A5B8 /* teenypalace */,
				71C97BEA1A08B5970010A5B8 /* teenypalaceTests */,
				71C97BD31A08B5970010A5B8 /* Products */,
			);
			sourceTree = "<group>";
		};
		71C97BD31A08B5970010A5B8 /* Products */ = {
			isa = PBXGroup;
			children = (
				71C97BD21A08B5970010A5B8 /* teenypalace.app */,
				71C97BE71A08B5970010A5B8 /* teenypalaceTests.xctest */,
			);
			name = Products;
			sourceTree = "<group>";
		};
		71C97BD41A08B5970010A5B8 /* teenypalace */ = {
			isa = PBXGroup;
			children = (
				71C55CC41A09DC3A00A4B359 /* Class */,
				71C97BD71A08B5970010A5B8 /* AppDelegate.swift */,
				71C97BD91A08B5970010A5B8 /* ViewController.swift */,
				71C97BDB1A08B5970010A5B8 /* Main.storyboard */,
				71C97BDE1A08B5970010A5B8 /* Images.xcassets */,
				71C97BE01A08B5970010A5B8 /* LaunchScreen.xib */,
				71C97BD51A08B5970010A5B8 /* Supporting Files */,
			);
			path = teenypalace;
			sourceTree = "<group>";
		};
		71C97BD51A08B5970010A5B8 /* Supporting Files */ = {
			isa = PBXGroup;
			children = (
				71C97BD61A08B5970010A5B8 /* Info.plist */,
			);
			name = "Supporting Files";
			sourceTree = "<group>";
		};
		71C97BEA1A08B5970010A5B8 /* teenypalaceTests */ = {
			isa = PBXGroup;
			children = (
				71C97BED1A08B5970010A5B8 /* teenypalaceTests.swift */,
				71C97BEB1A08B5970010A5B8 /* Supporting Files */,
			);
			path = teenypalaceTests;
			sourceTree = "<group>";
		};
		71C97BEB1A08B5970010A5B8 /* Supporting Files */ = {
			isa = PBXGroup;
			children = (
				71C97BEC1A08B5970010A5B8 /* Info.plist */,
			);
			name = "Supporting Files";
			sourceTree = "<group>";
		};
/* End PBXGroup section */

/* Begin PBXNativeTarget section */
		71C97BD11A08B5970010A5B8 /* teenypalace */ = {
			isa = PBXNativeTarget;
			buildConfigurationList = 71C97BF11A08B5970010A5B8 /* Build configuration list for PBXNativeTarget "teenypalace" */;
			buildPhases = (
				71C97BCE1A08B5970010A5B8 /* Sources */,
				71C97BCF1A08B5970010A5B8 /* Frameworks */,
				71C97BD01A08B5970010A5B8 /* Resources */,
			);
			buildRules = (
			);
			dependencies = (
			);
			name = teenypalace;
			productName = teenypalace;
			productReference = 71C97BD21A08B5970010A5B8 /* teenypalace.app */;
			productType = "com.apple.product-type.application";
		};
		71C97BE61A08B5970010A5B8 /* teenypalaceTests */ = {
			isa = PBXNativeTarget;
			buildConfigurationList = 71C97BF41A08B5970010A5B8 /* Build configuration list for PBXNativeTarget "teenypalaceTests" */;
			buildPhases = (
				71C97BE31A08B5970010A5B8 /* Sources */,
				71C97BE41A08B5970010A5B8 /* Frameworks */,
				71C97BE51A08B5970010A5B8 /* Resources */,
			);
			buildRules = (
			);
			dependencies = (
				71C97BE91A08B5970010A5B8 /* PBXTargetDependency */,
			);
			name = teenypalaceTests;
			productName = teenypalaceTests;
			productReference = 71C97BE71A08B5970010A5B8 /* teenypalaceTests.xctest */;
			productType = "com.apple.product-type.bundle.unit-test";
		};
/* End PBXNativeTarget section */

/* Begin PBXProject section */
		71C97BCA1A08B5970010A5B8 /* Project object */ = {
			isa = PBXProject;
			attributes = {
				LastUpgradeCheck = 0610;
				ORGANIZATIONNAME = "杨超";
				TargetAttributes = {
					71C97BD11A08B5970010A5B8 = {
						CreatedOnToolsVersion = 6.1;
					};
					71C97BE61A08B5970010A5B8 = {
						CreatedOnToolsVersion = 6.1;
						TestTargetID = 71C97BD11A08B5970010A5B8;
					};
				};
			};
			buildConfigurationList = 71C97BCD1A08B5970010A5B8 /* Build configuration list for PBXProject "teenypalace" */;
			compatibilityVersion = "Xcode 3.2";
			developmentRegion = English;
			hasScannedForEncodings = 0;
			knownRegions = (
				en,
				Base,
			);
			mainGroup = 71C97BC91A08B5970010A5B8;
			productRefGroup = 71C97BD31A08B5970010A5B8 /* Products */;
			projectDirPath = "";
			projectRoot = "";
			targets = (
				71C97BD11A08B5970010A5B8 /* teenypalace */,
				71C97BE61A08B5970010A5B8 /* teenypalaceTests */,
			);
		};
/* End PBXProject section */

/* Begin PBXResourcesBuildPhase section */
		71C97BD01A08B5970010A5B8 /* Resources */ = {
			isa = PBXResourcesBuildPhase;
			buildActionMask = 2147483647;
			files = (
				71C97BDD1A08B5970010A5B8 /* Main.storyboard in Resources */,
				71C97BE21A08B5970010A5B8 /* LaunchScreen.xib in Resources */,
				71C97BDF1A08B5970010A5B8 /* Images.xcassets in Resources */,
			);
			runOnlyForDeploymentPostprocessing = 0;
		};
		71C97BE51A08B5970010A5B8 /* Resources */ = {
			isa = PBXResourcesBuildPhase;
			buildActionMask = 2147483647;
			files = (
			);
			runOnlyForDeploymentPostprocessing = 0;
		};
/* End PBXResourcesBuildPhase section */

/* Begin PBXSourcesBuildPhase section */
		71C97BCE1A08B5970010A5B8 /* Sources */ = {
			isa = PBXSourcesBuildPhase;
			buildActionMask = 2147483647;
			files = (
				71C97BDA1A08B5970010A5B8 /* ViewController.swift in Sources */,
				71C97BD81A08B5970010A5B8 /* AppDelegate.swift in Sources */,
				71CB85F51A10A4C000D855C8 /* HomeViewController.m in Sources */,
				71C55CC81A09F4BE00A4B359 /* LoginViewController.m in Sources */,
			);
			runOnlyForDeploymentPostprocessing = 0;
		};
		71C97BE31A08B5970010A5B8 /* Sources */ = {
			isa = PBXSourcesBuildPhase;
			buildActionMask = 2147483647;
			files = (
				71C97BEE1A08B5970010A5B8 /* teenypalaceTests.swift in Sources */,
			);
			runOnlyForDeploymentPostprocessing = 0;
		};
/* End PBXSourcesBuildPhase section */

/* Begin PBXTargetDependency section */
		71C97BE91A08B5970010A5B8 /* PBXTargetDependency */ = {
			isa = PBXTargetDependency;
			target = 71C97BD11A08B5970010A5B8 /* teenypalace */;
			targetProxy = 71C97BE81A08B5970010A5B8 /* PBXContainerItemProxy */;
		};
/* End PBXTargetDependency section */

/* Begin PBXVariantGroup section */
		71C97BDB1A08B5970010A5B8 /* Main.storyboard */ = {
			isa = PBXVariantGroup;
			children = (
				71C97BDC1A08B5970010A5B8 /* Base */,
			);
			name = Main.storyboard;
			sourceTree = "<group>";
		};
		71C97BE01A08B5970010A5B8 /* LaunchScreen.xib */ = {
			isa = PBXVariantGroup;
			children = (
				71C97BE11A08B5970010A5B8 /* Base */,
			);
			name = LaunchScreen.xib;
			sourceTree = "<group>";
		};
/* End PBXVariantGroup section */

/* Begin XCBuildConfiguration section */
		71C97BEF1A08B5970010A5B8 /* Debug */ = {
			isa = XCBuildConfiguration;
			buildSettings = {
				ALWAYS_SEARCH_USER_PATHS = NO;
				CLANG_CXX_LANGUAGE_STANDARD = "gnu++0x";
				CLANG_CXX_LIBRARY = "libc++";
				CLANG_ENABLE_MODULES = YES;
				CLANG_ENABLE_OBJC_ARC = YES;
				CLANG_WARN_BOOL_CONVERSION = YES;
				CLANG_WARN_CONSTANT_CONVERSION = YES;
				CLANG_WARN_DIRECT_OBJC_ISA_USAGE = YES_ERROR;
				CLANG_WARN_EMPTY_BODY = YES;
				CLANG_WARN_ENUM_CONVERSION = YES;
				CLANG_WARN_INT_CONVERSION = YES;
				CLANG_WARN_OBJC_ROOT_CLASS = YES_ERROR;
				CLANG_WARN_UNREACHABLE_CODE = YES;
				CLANG_WARN__DUPLICATE_METHOD_MATCH = YES;
				"CODE_SIGN_IDENTITY[sdk=iphoneos*]" = "iPhone Developer";
				COPY_PHASE_STRIP = NO;
				ENABLE_STRICT_OBJC_MSGSEND = YES;
				GCC_C_LANGUAGE_STANDARD = gnu99;
				GCC_DYNAMIC_NO_PIC = NO;
				GCC_OPTIMIZATION_LEVEL = 0;
				GCC_PREPROCESSOR_DEFINITIONS = (
					"DEBUG=1",
					"$(inherited)",
				);
				GCC_SYMBOLS_PRIVATE_EXTERN = NO;
				GCC_WARN_64_TO_32_BIT_CONVERSION = YES;
				GCC_WARN_ABOUT_RETURN_TYPE = YES_ERROR;
				GCC_WARN_UNDECLARED_SELECTOR = YES;
				GCC_WARN_UNINITIALIZED_AUTOS = YES_AGGRESSIVE;
				GCC_WARN_UNUSED_FUNCTION = YES;
				GCC_WARN_UNUSED_VARIABLE = YES;
				IPHONEOS_DEPLOYMENT_TARGET = 7.1;
				MTL_ENABLE_DEBUG_INFO = YES;
				ONLY_ACTIVE_ARCH = YES;
				SDKROOT = iphoneos;
				SWIFT_OPTIMIZATION_LEVEL = "-Onone";
			};
			name = Debug;
		};
		71C97BF01A08B5970010A5B8 /* Release */ = {
			isa = XCBuildConfiguration;
			buildSettings = {
				ALWAYS_SEARCH_USER_PATHS = NO;
				CLANG_CXX_LANGUAGE_STANDARD = "gnu++0x";
				CLANG_CXX_LIBRARY = "libc++";
				CLANG_ENABLE_MODULES = YES;
				CLANG_ENABLE_OBJC_ARC = YES;
				CLANG_WARN_BOOL_CONVERSION = YES;
				CLANG_WARN_CONSTANT_CONVERSION = YES;
				CLANG_WARN_DIRECT_OBJC_ISA_USAGE = YES_ERROR;
				CLANG_WARN_EMPTY_BODY = YES;
				CLANG_WARN_ENUM_CONVERSION = YES;
				CLANG_WARN_INT_CONVERSION = YES;
				CLANG_WARN_OBJC_ROOT_CLASS = YES_ERROR;
				CLANG_WARN_UNREACHABLE_CODE = YES;
				CLANG_WARN__DUPLICATE_METHOD_MATCH = YES;
				"CODE_SIGN_IDENTITY[sdk=iphoneos*]" = "iPhone Developer";
				COPY_PHASE_STRIP = YES;
				ENABLE_NS_ASSERTIONS = NO;
				ENABLE_STRICT_OBJC_MSGSEND = YES;
				GCC_C_LANGUAGE_STANDARD = gnu99;
				GCC_WARN_64_TO_32_BIT_CONVERSION = YES;
				GCC_WARN_ABOUT_RETURN_TYPE = YES_ERROR;
				GCC_WARN_UNDECLARED_SELECTOR = YES;
				GCC_WARN_UNINITIALIZED_AUTOS = YES_AGGRESSIVE;
				GCC_WARN_UNUSED_FUNCTION = YES;
				GCC_WARN_UNUSED_VARIABLE = YES;
				IPHONEOS_DEPLOYMENT_TARGET = 7.1;
				MTL_ENABLE_DEBUG_INFO = NO;
				SDKROOT = iphoneos;
				VALIDATE_PRODUCT = YES;
			};
			name = Release;
		};
		71C97BF21A08B5970010A5B8 /* Debug */ = {
			isa = XCBuildConfiguration;
			buildSettings = {
				ASSETCATALOG_COMPILER_APPICON_NAME = AppIcon;
				CLANG_ENABLE_MODULES = YES;
				INFOPLIST_FILE = teenypalace/Info.plist;
				IPHONEOS_DEPLOYMENT_TARGET = 7.1;
				LD_RUNPATH_SEARCH_PATHS = "$(inherited) @executable_path/Frameworks";
				PRODUCT_NAME = teenypalace;
				SWIFT_OBJC_BRIDGING_HEADER = "teenypalace/teenypalace-Bridging-Header.h";
				SWIFT_OPTIMIZATION_LEVEL = "-Onone";
			};
			name = Debug;
		};
		71C97BF31A08B5970010A5B8 /* Release */ = {
			isa = XCBuildConfiguration;
			buildSettings = {
				ASSETCATALOG_COMPILER_APPICON_NAME = AppIcon;
				CLANG_ENABLE_MODULES = YES;
				INFOPLIST_FILE = teenypalace/Info.plist;
				IPHONEOS_DEPLOYMENT_TARGET = 7.1;
				LD_RUNPATH_SEARCH_PATHS = "$(inherited) @executable_path/Frameworks";
				PRODUCT_NAME = teenypalace;
				SWIFT_OBJC_BRIDGING_HEADER = "teenypalace/teenypalace-Bridging-Header.h";
			};
			name = Release;
		};
		71C97BF51A08B5970010A5B8 /* Debug */ = {
			isa = XCBuildConfiguration;
			buildSettings = {
				BUNDLE_LOADER = "$(TEST_HOST)";
				FRAMEWORK_SEARCH_PATHS = (
					"$(SDKROOT)/Developer/Library/Frameworks",
					"$(inherited)",
				);
				GCC_PREPROCESSOR_DEFINITIONS = (
					"DEBUG=1",
					"$(inherited)",
				);
				INFOPLIST_FILE = teenypalaceTests/Info.plist;
				LD_RUNPATH_SEARCH_PATHS = "$(inherited) @executable_path/Frameworks @loader_path/Frameworks";
				PRODUCT_NAME = teenypalaceTests;
				TEST_HOST = "$(BUILT_PRODUCTS_DIR)/teenypalace.app/teenypalace";
			};
			name = Debug;
		};
		71C97BF61A08B5970010A5B8 /* Release */ = {
			isa = XCBuildConfiguration;
			buildSettings = {
				BUNDLE_LOADER = "$(TEST_HOST)";
				FRAMEWORK_SEARCH_PATHS = (
					"$(SDKROOT)/Developer/Library/Frameworks",
					"$(inherited)",
				);
				INFOPLIST_FILE = teenypalaceTests/Info.plist;
				LD_RUNPATH_SEARCH_PATHS = "$(inherited) @executable_path/Frameworks @loader_path/Frameworks";
				PRODUCT_NAME = teenypalaceTests;
				TEST_HOST = "$(BUILT_PRODUCTS_DIR)/teenypalace.app/teenypalace";
			};
			name = Release;
		};
/* End XCBuildConfiguration section */

/* Begin XCConfigurationList section */
		71C97BCD1A08B5970010A5B8 /* Build configuration list for PBXProject "teenypalace" */ = {
			isa = XCConfigurationList;
			buildConfigurations = (
				71C97BEF1A08B5970010A5B8 /* Debug */,
				71C97BF01A08B5970010A5B8 /* Release */,
			);
			defaultConfigurationIsVisible = 0;
			defaultConfigurationName = Release;
		};
		71C97BF11A08B5970010A5B8 /* Build configuration list for PBXNativeTarget "teenypalace" */ = {
			isa = XCConfigurationList;
			buildConfigurations = (
				71C97BF21A08B5970010A5B8 /* Debug */,
				71C97BF31A08B5970010A5B8 /* Release */,
			);
			defaultConfigurationIsVisible = 0;
			defaultConfigurationName = Release;
		};
		71C97BF41A08B5970010A5B8 /* Build configuration list for PBXNativeTarget "teenypalaceTests" */ = {
			isa = XCConfigurationList;
			buildConfigurations = (
				71C97BF51A08B5970010A5B8 /* Debug */,
				71C97BF61A08B5970010A5B8 /* Release */,
			);
			defaultConfigurationIsVisible = 0;
			defaultConfigurationName = Release;
		};
/* End XCConfigurationList section */
	};
	rootObject = 71C97BCA1A08B5970010A5B8 /* Project object */;
}
